
Microsoft Visual Studio Solution File, Format Version 12.00
# Visual Studio 15
VisualStudioVersion = 15.0.27009.1
MinimumVisualStudioVersion = 10.0.40219.1
Project("{9A19103F-16F7-4668-BE54-9A1E7A4F7556}") = "HumanitarianAssistance.WebAPI", "HumanitarianAssistance.WebAPI.csproj", "{8D02D9C5-7A80-4845-B683-BECD0DA0A717}"
EndProject
Project("{9A19103F-16F7-4668-BE54-9A1E7A4F7556}") = "DataAccess", "..\DataAccess\DataAccess.csproj", "{75A0C178-2165-4059-A9A7-EF066C84C667}"
EndProject
Project("{9A19103F-16F7-4668-BE54-9A1E7A4F7556}") = "HumanitarianAssistance.ViewModels", "..\HumanitarianAssistance.Entities\HumanitarianAssistance.ViewModels.csproj", "{165772C3-F8C2-4777-8DAD-EF69D6DB4501}"
EndProject
Project("{9A19103F-16F7-4668-BE54-9A1E7A4F7556}") = "HumanitarianAssistance.Service", "..\HumanitarianAssistance.Service\HumanitarianAssistance.Service.csproj", "{42DDBBB7-7944-4F1D-AC7E-0907E1589477}"
EndProject
Project("{9A19103F-16F7-4668-BE54-9A1E7A4F7556}") = "HumanitarianAssistance.Common", "HumanitarianAssistance.Common\HumanitarianAssistance.Common.csproj", "{C71A0A54-7932-433D-971D-A4A7FBF67E8F}"
EndProject
Global
	GlobalSection(SolutionConfigurationPlatforms) = preSolution
		Debug|Any CPU = Debug|Any CPU
		Release|Any CPU = Release|Any CPU
	EndGlobalSection
	GlobalSection(ProjectConfigurationPlatforms) = postSolution
		{8D02D9C5-7A80-4845-B683-BECD0DA0A717}.Debug|Any CPU.ActiveCfg = Debug|Any CPU
		{8D02D9C5-7A80-4845-B683-BECD0DA0A717}.Debug|Any CPU.Build.0 = Debug|Any CPU
		{8D02D9C5-7A80-4845-B683-BECD0DA0A717}.Release|Any CPU.ActiveCfg = Release|Any CPU
		{8D02D9C5-7A80-4845-B683-BECD0DA0A717}.Release|Any CPU.Build.0 = Release|Any CPU
		{75A0C178-2165-4059-A9A7-EF066C84C667}.Debug|Any CPU.ActiveCfg = Debug|Any CPU
		{75A0C178-2165-4059-A9A7-EF066C84C667}.Debug|Any CPU.Build.0 = Debug|Any CPU
		{75A0C178-2165-4059-A9A7-EF066C84C667}.Release|Any CPU.ActiveCfg = Release|Any CPU
		{75A0C178-2165-4059-A9A7-EF066C84C667}.Release|Any CPU.Build.0 = Release|Any CPU
		{165772C3-F8C2-4777-8DAD-EF69D6DB4501}.Debug|Any CPU.ActiveCfg = Debug|Any CPU
		{165772C3-F8C2-4777-8DAD-EF69D6DB4501}.Debug|Any CPU.Build.0 = Debug|Any CPU
		{165772C3-F8C2-4777-8DAD-EF69D6DB4501}.Release|Any CPU.ActiveCfg = Release|Any CPU
		{165772C3-F8C2-4777-8DAD-EF69D6DB4501}.Release|Any CPU.Build.0 = Release|Any CPU
		{42DDBBB7-7944-4F1D-AC7E-0907E1589477}.Debug|Any CPU.ActiveCfg = Debug|Any CPU
		{42DDBBB7-7944-4F1D-AC7E-0907E1589477}.Debug|Any CPU.Build.0 = Debug|Any CPU
		{42DDBBB7-7944-4F1D-AC7E-0907E1589477}.Release|Any CPU.ActiveCfg = Release|Any CPU
		{42DDBBB7-7944-4F1D-AC7E-0907E1589477}.Release|Any CPU.Build.0 = Release|Any CPU
		{C71A0A54-7932-433D-971D-A4A7FBF67E8F}.Debug|Any CPU.ActiveCfg = Debug|Any CPU
		{C71A0A54-7932-433D-971D-A4A7FBF67E8F}.Debug|Any CPU.Build.0 = Debug|Any CPU
		{C71A0A54-7932-433D-971D-A4A7FBF67E8F}.Release|Any CPU.ActiveCfg = Release|Any CPU
		{C71A0A54-7932-433D-971D-A4A7FBF67E8F}.Release|Any CPU.Build.0 = Release|Any CPU
	EndGlobalSection
	GlobalSection(SolutionProperties) = preSolution
		HideSolutionNode = FALSE
	EndGlobalSection
	GlobalSection(ExtensibilityGlobals) = postSolution
		SolutionGuid = {D95DD899-0FA5-4D52-B1A0-E7080444715E}
	EndGlobalSection
EndGlobal
