
Microsoft Visual Studio Solution File, Format Version 12.00
# Visual Studio 15
VisualStudioVersion = 15.0.28307.705
MinimumVisualStudioVersion = 10.0.40219.1
Project("{9A19103F-16F7-4668-BE54-9A1E7A4F7556}") = "HumanitarianAssistance.WebApi", "HumanitarianAssistance.WebApi\HumanitarianAssistance.WebApi.csproj", "{9807E654-9BD6-4A53-B765-D0407B2C71C5}"
EndProject
Project("{9A19103F-16F7-4668-BE54-9A1E7A4F7556}") = "DataAccess", "DataAccess\DataAccess.csproj", "{71452DE9-8C6F-4826-9B85-D4F5F900DCAA}"
EndProject
Project("{9A19103F-16F7-4668-BE54-9A1E7A4F7556}") = "HumanitarianAssistance.ViewModels", "HumanitarianAssistance.Entities\HumanitarianAssistance.ViewModels.csproj", "{34C81A1C-7B60-4A82-B2D1-5AF805BED0AE}"
EndProject
Project("{9A19103F-16F7-4668-BE54-9A1E7A4F7556}") = "HumanitarianAssistance.Service", "HumanitarianAssistance.Service\HumanitarianAssistance.Service.csproj", "{ED430A84-ABBC-493A-988B-49A311C99214}"
EndProject
Project("{9A19103F-16F7-4668-BE54-9A1E7A4F7556}") = "HumanitarianAssistance.Common", "HumanitarianAssistance.Common\HumanitarianAssistance.Common.csproj", "{9986DBC3-5248-47D6-8FC4-58E2B31720A0}"
EndProject
Global
	GlobalSection(SolutionConfigurationPlatforms) = preSolution
		Debug|Any CPU = Debug|Any CPU
		Release|Any CPU = Release|Any CPU
	EndGlobalSection
	GlobalSection(ProjectConfigurationPlatforms) = postSolution
		{9807E654-9BD6-4A53-B765-D0407B2C71C5}.Debug|Any CPU.ActiveCfg = Debug|Any CPU
		{9807E654-9BD6-4A53-B765-D0407B2C71C5}.Debug|Any CPU.Build.0 = Debug|Any CPU
		{9807E654-9BD6-4A53-B765-D0407B2C71C5}.Release|Any CPU.ActiveCfg = Release|Any CPU
		{9807E654-9BD6-4A53-B765-D0407B2C71C5}.Release|Any CPU.Build.0 = Release|Any CPU
		{71452DE9-8C6F-4826-9B85-D4F5F900DCAA}.Debug|Any CPU.ActiveCfg = Debug|Any CPU
		{71452DE9-8C6F-4826-9B85-D4F5F900DCAA}.Debug|Any CPU.Build.0 = Debug|Any CPU
		{71452DE9-8C6F-4826-9B85-D4F5F900DCAA}.Release|Any CPU.ActiveCfg = Release|Any CPU
		{71452DE9-8C6F-4826-9B85-D4F5F900DCAA}.Release|Any CPU.Build.0 = Release|Any CPU
		{34C81A1C-7B60-4A82-B2D1-5AF805BED0AE}.Debug|Any CPU.ActiveCfg = Debug|Any CPU
		{34C81A1C-7B60-4A82-B2D1-5AF805BED0AE}.Debug|Any CPU.Build.0 = Debug|Any CPU
		{34C81A1C-7B60-4A82-B2D1-5AF805BED0AE}.Release|Any CPU.ActiveCfg = Release|Any CPU
		{34C81A1C-7B60-4A82-B2D1-5AF805BED0AE}.Release|Any CPU.Build.0 = Release|Any CPU
		{ED430A84-ABBC-493A-988B-49A311C99214}.Debug|Any CPU.ActiveCfg = Debug|Any CPU
		{ED430A84-ABBC-493A-988B-49A311C99214}.Debug|Any CPU.Build.0 = Debug|Any CPU
		{ED430A84-ABBC-493A-988B-49A311C99214}.Release|Any CPU.ActiveCfg = Release|Any CPU
		{ED430A84-ABBC-493A-988B-49A311C99214}.Release|Any CPU.Build.0 = Release|Any CPU
		{9986DBC3-5248-47D6-8FC4-58E2B31720A0}.Debug|Any CPU.ActiveCfg = Debug|Any CPU
		{9986DBC3-5248-47D6-8FC4-58E2B31720A0}.Debug|Any CPU.Build.0 = Debug|Any CPU
		{9986DBC3-5248-47D6-8FC4-58E2B31720A0}.Release|Any CPU.ActiveCfg = Release|Any CPU
		{9986DBC3-5248-47D6-8FC4-58E2B31720A0}.Release|Any CPU.Build.0 = Release|Any CPU
	EndGlobalSection
	GlobalSection(SolutionProperties) = preSolution
		HideSolutionNode = FALSE
	EndGlobalSection
	GlobalSection(ExtensibilityGlobals) = postSolution
		SolutionGuid = {DA6818C8-D4CF-45E4-9724-8B209F364155}
	EndGlobalSection
EndGlobal
